
Microsoft Visual Studio Solution File, Format Version 12.00
# Visual Studio Version 17
VisualStudioVersion = 17.4.33213.308
MinimumVisualStudioVersion = 10.0.40219.1
Project("{FAE04EC0-301F-11D3-BF4B-00C04F79EFBC}") = "App", "App\App.csproj", "{EC04FA9B-D058-4D02-8A3F-FD5FCD4863A3}"
EndProject
Project("{FAE04EC0-301F-11D3-BF4B-00C04F79EFBC}") = "Domain", "Domain\Domain.csproj", "{0603D87F-C5A8-443E-ADD9-18E62EB16CF8}"
EndProject
Project("{FAE04EC0-301F-11D3-BF4B-00C04F79EFBC}") = "Repository", "Repository\Repository.csproj", "{B480C205-38D5-4E4E-B11A-2DB4E88F766A}"
EndProject
Global
	GlobalSection(SolutionConfigurationPlatforms) = preSolution
		Debug|Any CPU = Debug|Any CPU
		Release|Any CPU = Release|Any CPU
	EndGlobalSection
	GlobalSection(ProjectConfigurationPlatforms) = postSolution
		{EC04FA9B-D058-4D02-8A3F-FD5FCD4863A3}.Debug|Any CPU.ActiveCfg = Debug|Any CPU
		{EC04FA9B-D058-4D02-8A3F-FD5FCD4863A3}.Debug|Any CPU.Build.0 = Debug|Any CPU
		{EC04FA9B-D058-4D02-8A3F-FD5FCD4863A3}.Release|Any CPU.ActiveCfg = Release|Any CPU
		{EC04FA9B-D058-4D02-8A3F-FD5FCD4863A3}.Release|Any CPU.Build.0 = Release|Any CPU
		{0603D87F-C5A8-443E-ADD9-18E62EB16CF8}.Debug|Any CPU.ActiveCfg = Debug|Any CPU
		{0603D87F-C5A8-443E-ADD9-18E62EB16CF8}.Debug|Any CPU.Build.0 = Debug|Any CPU
		{0603D87F-C5A8-443E-ADD9-18E62EB16CF8}.Release|Any CPU.ActiveCfg = Release|Any CPU
		{0603D87F-C5A8-443E-ADD9-18E62EB16CF8}.Release|Any CPU.Build.0 = Release|Any CPU
		{B480C205-38D5-4E4E-B11A-2DB4E88F766A}.Debug|Any CPU.ActiveCfg = Debug|Any CPU
		{B480C205-38D5-4E4E-B11A-2DB4E88F766A}.Debug|Any CPU.Build.0 = Debug|Any CPU
		{B480C205-38D5-4E4E-B11A-2DB4E88F766A}.Release|Any CPU.ActiveCfg = Release|Any CPU
		{B480C205-38D5-4E4E-B11A-2DB4E88F766A}.Release|Any CPU.Build.0 = Release|Any CPU
	EndGlobalSection
	GlobalSection(SolutionProperties) = preSolution
		HideSolutionNode = FALSE
	EndGlobalSection
	GlobalSection(ExtensibilityGlobals) = postSolution
		SolutionGuid = {95513588-EAA7-45B9-BD5A-8F4E54FE6907}
	EndGlobalSection
EndGlobal
